// !$*UTF8*$!
{
	archiveVersion = 1;
	classes = {
	};
	objectVersion = 46;
	objects = {

/* Begin PBXBuildFile section */
		171EB8DA1DC0EAEA0052F804 /* AppDelegate.m in Sources */ = {isa = PBXBuildFile; fileRef = 171EB8D81DC0EAEA0052F804 /* AppDelegate.m */; };
		171EB8E01DC137BA0052F804 /* Tumblelog.m in Sources */ = {isa = PBXBuildFile; fileRef = 171EB8DF1DC137BA0052F804 /* Tumblelog.m */; };
		171EB8E31DC138D30052F804 /* TumblrPost.m in Sources */ = {isa = PBXBuildFile; fileRef = 171EB8E21DC138D30052F804 /* TumblrPost.m */; };
		171EB8E61DC152110052F804 /* TumblrRegularPost.m in Sources */ = {isa = PBXBuildFile; fileRef = 171EB8E51DC152110052F804 /* TumblrRegularPost.m */; };
		171EB8E91DC1526E0052F804 /* TumblrPhotoPost.m in Sources */ = {isa = PBXBuildFile; fileRef = 171EB8E81DC1526E0052F804 /* TumblrPhotoPost.m */; };
		171EB8EC1DC153550052F804 /* Photo.m in Sources */ = {isa = PBXBuildFile; fileRef = 171EB8EB1DC153550052F804 /* Photo.m */; };
		171EB8EF1DC153FB0052F804 /* TumblrVideoPost.m in Sources */ = {isa = PBXBuildFile; fileRef = 171EB8EE1DC153FB0052F804 /* TumblrVideoPost.m */; };
		171EB8F21DC154B90052F804 /* TumblrQuotePost.m in Sources */ = {isa = PBXBuildFile; fileRef = 171EB8F11DC154B90052F804 /* TumblrQuotePost.m */; };
		171EB8F61DC16BE10052F804 /* TumblrApi.m in Sources */ = {isa = PBXBuildFile; fileRef = 171EB8F51DC16BE10052F804 /* TumblrApi.m */; };
		171EB8FA1DC1798F0052F804 /* SearchUserViewController.m in Sources */ = {isa = PBXBuildFile; fileRef = 171EB8F91DC1798F0052F804 /* SearchUserViewController.m */; };
		172F72291DC0E8460012A333 /* main.m in Sources */ = {isa = PBXBuildFile; fileRef = 172F72281DC0E8460012A333 /* main.m */; };
		172F72341DC0E8460012A333 /* Assets.xcassets in Resources */ = {isa = PBXBuildFile; fileRef = 172F72331DC0E8460012A333 /* Assets.xcassets */; };
		172F72371DC0E8460012A333 /* LaunchScreen.storyboard in Resources */ = {isa = PBXBuildFile; fileRef = 172F72351DC0E8460012A333 /* LaunchScreen.storyboard */; };
		17C8A5C41DC298360073AB84 /* UIColor+UIColor_tumblr.m in Sources */ = {isa = PBXBuildFile; fileRef = 17C8A5C31DC298360073AB84 /* UIColor+UIColor_tumblr.m */; };
		17C8A5C81DC2B7C30073AB84 /* TumblrPostViewController.m in Sources */ = {isa = PBXBuildFile; fileRef = 17C8A5C71DC2B7C30073AB84 /* TumblrPostViewController.m */; };
		17C8A5CB1DC2BC3B0073AB84 /* TumblrPostViewModel.m in Sources */ = {isa = PBXBuildFile; fileRef = 17C8A5CA1DC2BC3B0073AB84 /* TumblrPostViewModel.m */; };
		17E2CDA91DC1977800993F28 /* SearchUserViewModel.m in Sources */ = {isa = PBXBuildFile; fileRef = 17E2CDA81DC1977800993F28 /* SearchUserViewModel.m */; };
		17E2CDAD1DC2158200993F28 /* TumblrPostsListViewModel.m in Sources */ = {isa = PBXBuildFile; fileRef = 17E2CDAC1DC2158200993F28 /* TumblrPostsListViewModel.m */; };
		17E2CDB01DC219CA00993F28 /* TumblrPostCellViewModel.m in Sources */ = {isa = PBXBuildFile; fileRef = 17E2CDAF1DC219CA00993F28 /* TumblrPostCellViewModel.m */; };
		17E2CDB31DC23E6E00993F28 /* TumblrPostsListViewController.m in Sources */ = {isa = PBXBuildFile; fileRef = 17E2CDB21DC23E6E00993F28 /* TumblrPostsListViewController.m */; };
		7A08BCD8AD62F1DDEEDF33B0 /* libPods-Braintri_KonradZdunczyk.a in Frameworks */ = {isa = PBXBuildFile; fileRef = 09E387369560410811D61F15 /* libPods-Braintri_KonradZdunczyk.a */; };
/* End PBXBuildFile section */

/* Begin PBXFileReference section */
		09E387369560410811D61F15 /* libPods-Braintri_KonradZdunczyk.a */ = {isa = PBXFileReference; explicitFileType = archive.ar; includeInIndex = 0; path = "libPods-Braintri_KonradZdunczyk.a"; sourceTree = BUILT_PRODUCTS_DIR; };
		0D29ED9E5344D983EC736ADA /* Pods-Braintri_KonradZdunczyk.release.xcconfig */ = {isa = PBXFileReference; includeInIndex = 1; lastKnownFileType = text.xcconfig; name = "Pods-Braintri_KonradZdunczyk.release.xcconfig"; path = "Pods/Target Support Files/Pods-Braintri_KonradZdunczyk/Pods-Braintri_KonradZdunczyk.release.xcconfig"; sourceTree = "<group>"; };
		171EB8D71DC0EAEA0052F804 /* AppDelegate.h */ = {isa = PBXFileReference; fileEncoding = 4; lastKnownFileType = sourcecode.c.h; path = AppDelegate.h; sourceTree = "<group>"; };
		171EB8D81DC0EAEA0052F804 /* AppDelegate.m */ = {isa = PBXFileReference; fileEncoding = 4; lastKnownFileType = sourcecode.c.objc; path = AppDelegate.m; sourceTree = "<group>"; };
		171EB8DE1DC137BA0052F804 /* Tumblelog.h */ = {isa = PBXFileReference; fileEncoding = 4; lastKnownFileType = sourcecode.c.h; path = Tumblelog.h; sourceTree = "<group>"; };
		171EB8DF1DC137BA0052F804 /* Tumblelog.m */ = {isa = PBXFileReference; fileEncoding = 4; lastKnownFileType = sourcecode.c.objc; path = Tumblelog.m; sourceTree = "<group>"; };
		171EB8E11DC138D30052F804 /* TumblrPost.h */ = {isa = PBXFileReference; fileEncoding = 4; lastKnownFileType = sourcecode.c.h; path = TumblrPost.h; sourceTree = "<group>"; };
		171EB8E21DC138D30052F804 /* TumblrPost.m */ = {isa = PBXFileReference; fileEncoding = 4; lastKnownFileType = sourcecode.c.objc; path = TumblrPost.m; sourceTree = "<group>"; };
		171EB8E41DC152110052F804 /* TumblrRegularPost.h */ = {isa = PBXFileReference; fileEncoding = 4; lastKnownFileType = sourcecode.c.h; path = TumblrRegularPost.h; sourceTree = "<group>"; };
		171EB8E51DC152110052F804 /* TumblrRegularPost.m */ = {isa = PBXFileReference; fileEncoding = 4; lastKnownFileType = sourcecode.c.objc; path = TumblrRegularPost.m; sourceTree = "<group>"; };
		171EB8E71DC1526E0052F804 /* TumblrPhotoPost.h */ = {isa = PBXFileReference; fileEncoding = 4; lastKnownFileType = sourcecode.c.h; path = TumblrPhotoPost.h; sourceTree = "<group>"; };
		171EB8E81DC1526E0052F804 /* TumblrPhotoPost.m */ = {isa = PBXFileReference; fileEncoding = 4; lastKnownFileType = sourcecode.c.objc; path = TumblrPhotoPost.m; sourceTree = "<group>"; };
		171EB8EA1DC153550052F804 /* Photo.h */ = {isa = PBXFileReference; fileEncoding = 4; lastKnownFileType = sourcecode.c.h; path = Photo.h; sourceTree = "<group>"; };
		171EB8EB1DC153550052F804 /* Photo.m */ = {isa = PBXFileReference; fileEncoding = 4; lastKnownFileType = sourcecode.c.objc; path = Photo.m; sourceTree = "<group>"; };
		171EB8ED1DC153FB0052F804 /* TumblrVideoPost.h */ = {isa = PBXFileReference; fileEncoding = 4; lastKnownFileType = sourcecode.c.h; path = TumblrVideoPost.h; sourceTree = "<group>"; };
		171EB8EE1DC153FB0052F804 /* TumblrVideoPost.m */ = {isa = PBXFileReference; fileEncoding = 4; lastKnownFileType = sourcecode.c.objc; path = TumblrVideoPost.m; sourceTree = "<group>"; };
		171EB8F01DC154B90052F804 /* TumblrQuotePost.h */ = {isa = PBXFileReference; fileEncoding = 4; lastKnownFileType = sourcecode.c.h; path = TumblrQuotePost.h; sourceTree = "<group>"; };
		171EB8F11DC154B90052F804 /* TumblrQuotePost.m */ = {isa = PBXFileReference; fileEncoding = 4; lastKnownFileType = sourcecode.c.objc; path = TumblrQuotePost.m; sourceTree = "<group>"; };
		171EB8F41DC16BE10052F804 /* TumblrApi.h */ = {isa = PBXFileReference; fileEncoding = 4; lastKnownFileType = sourcecode.c.h; path = TumblrApi.h; sourceTree = "<group>"; };
		171EB8F51DC16BE10052F804 /* TumblrApi.m */ = {isa = PBXFileReference; fileEncoding = 4; lastKnownFileType = sourcecode.c.objc; path = TumblrApi.m; sourceTree = "<group>"; };
		171EB8F81DC1798F0052F804 /* SearchUserViewController.h */ = {isa = PBXFileReference; fileEncoding = 4; lastKnownFileType = sourcecode.c.h; path = SearchUserViewController.h; sourceTree = "<group>"; };
		171EB8F91DC1798F0052F804 /* SearchUserViewController.m */ = {isa = PBXFileReference; fileEncoding = 4; lastKnownFileType = sourcecode.c.objc; path = SearchUserViewController.m; sourceTree = "<group>"; };
		172F72241DC0E8460012A333 /* Braintri_KonradZdunczyk.app */ = {isa = PBXFileReference; explicitFileType = wrapper.application; includeInIndex = 0; path = Braintri_KonradZdunczyk.app; sourceTree = BUILT_PRODUCTS_DIR; };
		172F72281DC0E8460012A333 /* main.m */ = {isa = PBXFileReference; lastKnownFileType = sourcecode.c.objc; path = main.m; sourceTree = "<group>"; };
		172F72331DC0E8460012A333 /* Assets.xcassets */ = {isa = PBXFileReference; lastKnownFileType = folder.assetcatalog; path = Assets.xcassets; sourceTree = "<group>"; };
		172F72361DC0E8460012A333 /* Base */ = {isa = PBXFileReference; lastKnownFileType = file.storyboard; name = Base; path = Base.lproj/LaunchScreen.storyboard; sourceTree = "<group>"; };
		172F72381DC0E8460012A333 /* Info.plist */ = {isa = PBXFileReference; lastKnownFileType = text.plist.xml; path = Info.plist; sourceTree = "<group>"; };
		17C8A5C21DC298360073AB84 /* UIColor+UIColor_tumblr.h */ = {isa = PBXFileReference; fileEncoding = 4; lastKnownFileType = sourcecode.c.h; path = "UIColor+UIColor_tumblr.h"; sourceTree = "<group>"; };
		17C8A5C31DC298360073AB84 /* UIColor+UIColor_tumblr.m */ = {isa = PBXFileReference; fileEncoding = 4; lastKnownFileType = sourcecode.c.objc; path = "UIColor+UIColor_tumblr.m"; sourceTree = "<group>"; };
		17C8A5C61DC2B7C30073AB84 /* TumblrPostViewController.h */ = {isa = PBXFileReference; fileEncoding = 4; lastKnownFileType = sourcecode.c.h; path = TumblrPostViewController.h; sourceTree = "<group>"; };
		17C8A5C71DC2B7C30073AB84 /* TumblrPostViewController.m */ = {isa = PBXFileReference; fileEncoding = 4; lastKnownFileType = sourcecode.c.objc; path = TumblrPostViewController.m; sourceTree = "<group>"; };
		17C8A5C91DC2BC3B0073AB84 /* TumblrPostViewModel.h */ = {isa = PBXFileReference; fileEncoding = 4; lastKnownFileType = sourcecode.c.h; path = TumblrPostViewModel.h; sourceTree = "<group>"; };
		17C8A5CA1DC2BC3B0073AB84 /* TumblrPostViewModel.m */ = {isa = PBXFileReference; fileEncoding = 4; lastKnownFileType = sourcecode.c.objc; path = TumblrPostViewModel.m; sourceTree = "<group>"; };
		17E2CDA71DC1977800993F28 /* SearchUserViewModel.h */ = {isa = PBXFileReference; fileEncoding = 4; lastKnownFileType = sourcecode.c.h; path = SearchUserViewModel.h; sourceTree = "<group>"; };
		17E2CDA81DC1977800993F28 /* SearchUserViewModel.m */ = {isa = PBXFileReference; fileEncoding = 4; lastKnownFileType = sourcecode.c.objc; path = SearchUserViewModel.m; sourceTree = "<group>"; };
		17E2CDAB1DC2158200993F28 /* TumblrPostsListViewModel.h */ = {isa = PBXFileReference; fileEncoding = 4; lastKnownFileType = sourcecode.c.h; path = TumblrPostsListViewModel.h; sourceTree = "<group>"; };
		17E2CDAC1DC2158200993F28 /* TumblrPostsListViewModel.m */ = {isa = PBXFileReference; fileEncoding = 4; lastKnownFileType = sourcecode.c.objc; path = TumblrPostsListViewModel.m; sourceTree = "<group>"; };
		17E2CDAE1DC219CA00993F28 /* TumblrPostCellViewModel.h */ = {isa = PBXFileReference; fileEncoding = 4; lastKnownFileType = sourcecode.c.h; path = TumblrPostCellViewModel.h; sourceTree = "<group>"; };
		17E2CDAF1DC219CA00993F28 /* TumblrPostCellViewModel.m */ = {isa = PBXFileReference; fileEncoding = 4; lastKnownFileType = sourcecode.c.objc; path = TumblrPostCellViewModel.m; sourceTree = "<group>"; };
		17E2CDB11DC23E6E00993F28 /* TumblrPostsListViewController.h */ = {isa = PBXFileReference; fileEncoding = 4; lastKnownFileType = sourcecode.c.h; path = TumblrPostsListViewController.h; sourceTree = "<group>"; };
		17E2CDB21DC23E6E00993F28 /* TumblrPostsListViewController.m */ = {isa = PBXFileReference; fileEncoding = 4; lastKnownFileType = sourcecode.c.objc; path = TumblrPostsListViewController.m; sourceTree = "<group>"; };
		F4B6F352CFDDFC5FF806A2F0 /* Pods-Braintri_KonradZdunczyk.debug.xcconfig */ = {isa = PBXFileReference; includeInIndex = 1; lastKnownFileType = text.xcconfig; name = "Pods-Braintri_KonradZdunczyk.debug.xcconfig"; path = "Pods/Target Support Files/Pods-Braintri_KonradZdunczyk/Pods-Braintri_KonradZdunczyk.debug.xcconfig"; sourceTree = "<group>"; };
/* End PBXFileReference section */

/* Begin PBXFrameworksBuildPhase section */
		172F72211DC0E8460012A333 /* Frameworks */ = {
			isa = PBXFrameworksBuildPhase;
			buildActionMask = 2147483647;
			files = (
				7A08BCD8AD62F1DDEEDF33B0 /* libPods-Braintri_KonradZdunczyk.a in Frameworks */,
			);
			runOnlyForDeploymentPostprocessing = 0;
		};
/* End PBXFrameworksBuildPhase section */

/* Begin PBXGroup section */
		171EB8D61DC0EAEA0052F804 /* Application */ = {
			isa = PBXGroup;
			children = (
				171EB8D71DC0EAEA0052F804 /* AppDelegate.h */,
				171EB8D81DC0EAEA0052F804 /* AppDelegate.m */,
				171EB8F71DC179740052F804 /* SearchUser */,
				17E2CDAA1DC2156600993F28 /* TumblrPostsList */,
				17C8A5C51DC2B7A30073AB84 /* TumblrPost */,
			);
			path = Application;
			sourceTree = "<group>";
		};
		171EB8D91DC0EAEA0052F804 /* Models */ = {
			isa = PBXGroup;
			children = (
				171EB8EA1DC153550052F804 /* Photo.h */,
				171EB8EB1DC153550052F804 /* Photo.m */,
				171EB8DE1DC137BA0052F804 /* Tumblelog.h */,
				171EB8DF1DC137BA0052F804 /* Tumblelog.m */,
				171EB8E11DC138D30052F804 /* TumblrPost.h */,
				171EB8E21DC138D30052F804 /* TumblrPost.m */,
				171EB8E41DC152110052F804 /* TumblrRegularPost.h */,
				171EB8E51DC152110052F804 /* TumblrRegularPost.m */,
				171EB8E71DC1526E0052F804 /* TumblrPhotoPost.h */,
				171EB8E81DC1526E0052F804 /* TumblrPhotoPost.m */,
				171EB8ED1DC153FB0052F804 /* TumblrVideoPost.h */,
				171EB8EE1DC153FB0052F804 /* TumblrVideoPost.m */,
				171EB8F01DC154B90052F804 /* TumblrQuotePost.h */,
				171EB8F11DC154B90052F804 /* TumblrQuotePost.m */,
			);
			path = Models;
			sourceTree = "<group>";
		};
		171EB8F31DC16BBD0052F804 /* Services */ = {
			isa = PBXGroup;
			children = (
				171EB8F41DC16BE10052F804 /* TumblrApi.h */,
				171EB8F51DC16BE10052F804 /* TumblrApi.m */,
			);
			path = Services;
			sourceTree = "<group>";
		};
		171EB8F71DC179740052F804 /* SearchUser */ = {
			isa = PBXGroup;
			children = (
				17E2CDA71DC1977800993F28 /* SearchUserViewModel.h */,
				17E2CDA81DC1977800993F28 /* SearchUserViewModel.m */,
				171EB8F81DC1798F0052F804 /* SearchUserViewController.h */,
				171EB8F91DC1798F0052F804 /* SearchUserViewController.m */,
			);
			path = SearchUser;
			sourceTree = "<group>";
		};
		172F721B1DC0E8460012A333 = {
			isa = PBXGroup;
			children = (
				172F72261DC0E8460012A333 /* Braintri_KonradZdunczyk */,
				172F72251DC0E8460012A333 /* Products */,
				3604982324D450DBA751512F /* Pods */,
				905E2AB5C757FA0959497B05 /* Frameworks */,
			);
			sourceTree = "<group>";
		};
		172F72251DC0E8460012A333 /* Products */ = {
			isa = PBXGroup;
			children = (
				172F72241DC0E8460012A333 /* Braintri_KonradZdunczyk.app */,
			);
			name = Products;
			sourceTree = "<group>";
		};
		172F72261DC0E8460012A333 /* Braintri_KonradZdunczyk */ = {
			isa = PBXGroup;
			children = (
				171EB8D61DC0EAEA0052F804 /* Application */,
				171EB8D91DC0EAEA0052F804 /* Models */,
				171EB8F31DC16BBD0052F804 /* Services */,
				17C8A5C11DC298360073AB84 /* Categories */,
				172F72331DC0E8460012A333 /* Assets.xcassets */,
				172F72351DC0E8460012A333 /* LaunchScreen.storyboard */,
				172F72381DC0E8460012A333 /* Info.plist */,
				172F72271DC0E8460012A333 /* Supporting Files */,
			);
			path = Braintri_KonradZdunczyk;
			sourceTree = "<group>";
		};
		172F72271DC0E8460012A333 /* Supporting Files */ = {
			isa = PBXGroup;
			children = (
				172F72281DC0E8460012A333 /* main.m */,
			);
			name = "Supporting Files";
			sourceTree = "<group>";
		};
		17C8A5C11DC298360073AB84 /* Categories */ = {
			isa = PBXGroup;
			children = (
				17C8A5C21DC298360073AB84 /* UIColor+UIColor_tumblr.h */,
				17C8A5C31DC298360073AB84 /* UIColor+UIColor_tumblr.m */,
			);
			path = Categories;
			sourceTree = "<group>";
		};
		17C8A5C51DC2B7A30073AB84 /* TumblrPost */ = {
			isa = PBXGroup;
			children = (
				17C8A5C91DC2BC3B0073AB84 /* TumblrPostViewModel.h */,
				17C8A5CA1DC2BC3B0073AB84 /* TumblrPostViewModel.m */,
				17C8A5C61DC2B7C30073AB84 /* TumblrPostViewController.h */,
				17C8A5C71DC2B7C30073AB84 /* TumblrPostViewController.m */,
			);
			path = TumblrPost;
			sourceTree = "<group>";
		};
		17E2CDAA1DC2156600993F28 /* TumblrPostsList */ = {
			isa = PBXGroup;
			children = (
				17E2CDAB1DC2158200993F28 /* TumblrPostsListViewModel.h */,
				17E2CDAC1DC2158200993F28 /* TumblrPostsListViewModel.m */,
				17E2CDAE1DC219CA00993F28 /* TumblrPostCellViewModel.h */,
				17E2CDAF1DC219CA00993F28 /* TumblrPostCellViewModel.m */,
				17E2CDB11DC23E6E00993F28 /* TumblrPostsListViewController.h */,
				17E2CDB21DC23E6E00993F28 /* TumblrPostsListViewController.m */,
			);
			path = TumblrPostsList;
			sourceTree = "<group>";
		};
		3604982324D450DBA751512F /* Pods */ = {
			isa = PBXGroup;
			children = (
				F4B6F352CFDDFC5FF806A2F0 /* Pods-Braintri_KonradZdunczyk.debug.xcconfig */,
				0D29ED9E5344D983EC736ADA /* Pods-Braintri_KonradZdunczyk.release.xcconfig */,
			);
			name = Pods;
			sourceTree = "<group>";
		};
		905E2AB5C757FA0959497B05 /* Frameworks */ = {
			isa = PBXGroup;
			children = (
				09E387369560410811D61F15 /* libPods-Braintri_KonradZdunczyk.a */,
			);
			name = Frameworks;
			sourceTree = "<group>";
		};
/* End PBXGroup section */

/* Begin PBXNativeTarget section */
		172F72231DC0E8460012A333 /* Braintri_KonradZdunczyk */ = {
			isa = PBXNativeTarget;
			buildConfigurationList = 172F723B1DC0E8460012A333 /* Build configuration list for PBXNativeTarget "Braintri_KonradZdunczyk" */;
			buildPhases = (
				80BB22A057AADD2BC37B6A4E /* [CP] Check Pods Manifest.lock */,
				172F72201DC0E8460012A333 /* Sources */,
				172F72211DC0E8460012A333 /* Frameworks */,
				172F72221DC0E8460012A333 /* Resources */,
				4EA5644F5AEFFD754AD771D4 /* [CP] Embed Pods Frameworks */,
				0C0211C4C6FFCB722A40BFB0 /* [CP] Copy Pods Resources */,
			);
			buildRules = (
			);
			dependencies = (
			);
			name = Braintri_KonradZdunczyk;
			productName = Braintri_KonradZdunczyk;
			productReference = 172F72241DC0E8460012A333 /* Braintri_KonradZdunczyk.app */;
			productType = "com.apple.product-type.application";
		};
/* End PBXNativeTarget section */

/* Begin PBXProject section */
		172F721C1DC0E8460012A333 /* Project object */ = {
			isa = PBXProject;
			attributes = {
				LastUpgradeCheck = 0800;
				ORGANIZATIONNAME = "Konrad Zdunczyk";
				TargetAttributes = {
					172F72231DC0E8460012A333 = {
						CreatedOnToolsVersion = 8.0;
						DevelopmentTeam = WM5VQQ9GA7;
						ProvisioningStyle = Automatic;
					};
				};
			};
			buildConfigurationList = 172F721F1DC0E8460012A333 /* Build configuration list for PBXProject "Braintri_KonradZdunczyk" */;
			compatibilityVersion = "Xcode 3.2";
			developmentRegion = English;
			hasScannedForEncodings = 0;
			knownRegions = (
				en,
				Base,
			);
			mainGroup = 172F721B1DC0E8460012A333;
			productRefGroup = 172F72251DC0E8460012A333 /* Products */;
			projectDirPath = "";
			projectRoot = "";
			targets = (
				172F72231DC0E8460012A333 /* Braintri_KonradZdunczyk */,
			);
		};
/* End PBXProject section */

/* Begin PBXResourcesBuildPhase section */
		172F72221DC0E8460012A333 /* Resources */ = {
			isa = PBXResourcesBuildPhase;
			buildActionMask = 2147483647;
			files = (
				172F72371DC0E8460012A333 /* LaunchScreen.storyboard in Resources */,
				172F72341DC0E8460012A333 /* Assets.xcassets in Resources */,
			);
			runOnlyForDeploymentPostprocessing = 0;
		};
/* End PBXResourcesBuildPhase section */

/* Begin PBXShellScriptBuildPhase section */
		0C0211C4C6FFCB722A40BFB0 /* [CP] Copy Pods Resources */ = {
			isa = PBXShellScriptBuildPhase;
			buildActionMask = 2147483647;
			files = (
			);
			inputPaths = (
			);
			name = "[CP] Copy Pods Resources";
			outputPaths = (
			);
			runOnlyForDeploymentPostprocessing = 0;
			shellPath = /bin/sh;
			shellScript = "\"${SRCROOT}/Pods/Target Support Files/Pods-Braintri_KonradZdunczyk/Pods-Braintri_KonradZdunczyk-resources.sh\"\n";
			showEnvVarsInLog = 0;
		};
		4EA5644F5AEFFD754AD771D4 /* [CP] Embed Pods Frameworks */ = {
			isa = PBXShellScriptBuildPhase;
			buildActionMask = 2147483647;
			files = (
			);
			inputPaths = (
			);
			name = "[CP] Embed Pods Frameworks";
			outputPaths = (
			);
			runOnlyForDeploymentPostprocessing = 0;
			shellPath = /bin/sh;
			shellScript = "\"${SRCROOT}/Pods/Target Support Files/Pods-Braintri_KonradZdunczyk/Pods-Braintri_KonradZdunczyk-frameworks.sh\"\n";
			showEnvVarsInLog = 0;
		};
		80BB22A057AADD2BC37B6A4E /* [CP] Check Pods Manifest.lock */ = {
			isa = PBXShellScriptBuildPhase;
			buildActionMask = 2147483647;
			files = (
			);
			inputPaths = (
			);
			name = "[CP] Check Pods Manifest.lock";
			outputPaths = (
			);
			runOnlyForDeploymentPostprocessing = 0;
			shellPath = /bin/sh;
			shellScript = "diff \"${PODS_ROOT}/../Podfile.lock\" \"${PODS_ROOT}/Manifest.lock\" > /dev/null\nif [[ $? != 0 ]] ; then\n    cat << EOM\nerror: The sandbox is not in sync with the Podfile.lock. Run 'pod install' or update your CocoaPods installation.\nEOM\n    exit 1\nfi\n";
			showEnvVarsInLog = 0;
		};
/* End PBXShellScriptBuildPhase section */

/* Begin PBXSourcesBuildPhase section */
		172F72201DC0E8460012A333 /* Sources */ = {
			isa = PBXSourcesBuildPhase;
			buildActionMask = 2147483647;
			files = (
				17E2CDB01DC219CA00993F28 /* TumblrPostCellViewModel.m in Sources */,
				171EB8E31DC138D30052F804 /* TumblrPost.m in Sources */,
				17C8A5C41DC298360073AB84 /* UIColor+UIColor_tumblr.m in Sources */,
				17C8A5C81DC2B7C30073AB84 /* TumblrPostViewController.m in Sources */,
				17C8A5CB1DC2BC3B0073AB84 /* TumblrPostViewModel.m in Sources */,
				17E2CDA91DC1977800993F28 /* SearchUserViewModel.m in Sources */,
				171EB8FA1DC1798F0052F804 /* SearchUserViewController.m in Sources */,
				171EB8E61DC152110052F804 /* TumblrRegularPost.m in Sources */,
				171EB8E91DC1526E0052F804 /* TumblrPhotoPost.m in Sources */,
				171EB8EF1DC153FB0052F804 /* TumblrVideoPost.m in Sources */,
				171EB8F61DC16BE10052F804 /* TumblrApi.m in Sources */,
				171EB8EC1DC153550052F804 /* Photo.m in Sources */,
				171EB8E01DC137BA0052F804 /* Tumblelog.m in Sources */,
				172F72291DC0E8460012A333 /* main.m in Sources */,
				171EB8F21DC154B90052F804 /* TumblrQuotePost.m in Sources */,
				17E2CDB31DC23E6E00993F28 /* TumblrPostsListViewController.m in Sources */,
				171EB8DA1DC0EAEA0052F804 /* AppDelegate.m in Sources */,
				17E2CDAD1DC2158200993F28 /* TumblrPostsListViewModel.m in Sources */,
			);
			runOnlyForDeploymentPostprocessing = 0;
		};
/* End PBXSourcesBuildPhase section */

/* Begin PBXVariantGroup section */
		172F72351DC0E8460012A333 /* LaunchScreen.storyboard */ = {
			isa = PBXVariantGroup;
			children = (
				172F72361DC0E8460012A333 /* Base */,
			);
			name = LaunchScreen.storyboard;
			sourceTree = "<group>";
		};
/* End PBXVariantGroup section */

/* Begin XCBuildConfiguration section */
		172F72391DC0E8460012A333 /* Debug */ = {
			isa = XCBuildConfiguration;
			buildSettings = {
				ALWAYS_SEARCH_USER_PATHS = NO;
				CLANG_ANALYZER_NONNULL = YES;
				CLANG_CXX_LANGUAGE_STANDARD = "gnu++0x";
				CLANG_CXX_LIBRARY = "libc++";
				CLANG_ENABLE_MODULES = YES;
				CLANG_ENABLE_OBJC_ARC = YES;
				CLANG_WARN_BOOL_CONVERSION = YES;
				CLANG_WARN_CONSTANT_CONVERSION = YES;
				CLANG_WARN_DIRECT_OBJC_ISA_USAGE = YES_ERROR;
				CLANG_WARN_DOCUMENTATION_COMMENTS = YES;
				CLANG_WARN_EMPTY_BODY = YES;
				CLANG_WARN_ENUM_CONVERSION = YES;
				CLANG_WARN_INFINITE_RECURSION = YES;
				CLANG_WARN_INT_CONVERSION = YES;
				CLANG_WARN_OBJC_ROOT_CLASS = YES_ERROR;
				CLANG_WARN_SUSPICIOUS_MOVE = YES;
				CLANG_WARN_SUSPICIOUS_MOVES = YES;
				CLANG_WARN_UNREACHABLE_CODE = YES;
				CLANG_WARN__DUPLICATE_METHOD_MATCH = YES;
				"CODE_SIGN_IDENTITY[sdk=iphoneos*]" = "iPhone Developer";
				COPY_PHASE_STRIP = NO;
				DEBUG_INFORMATION_FORMAT = dwarf;
				ENABLE_STRICT_OBJC_MSGSEND = YES;
				ENABLE_TESTABILITY = YES;
				GCC_C_LANGUAGE_STANDARD = gnu99;
				GCC_DYNAMIC_NO_PIC = NO;
				GCC_NO_COMMON_BLOCKS = YES;
				GCC_OPTIMIZATION_LEVEL = 0;
				GCC_PREPROCESSOR_DEFINITIONS = (
					"DEBUG=1",
					"$(inherited)",
				);
				GCC_WARN_64_TO_32_BIT_CONVERSION = YES;
				GCC_WARN_ABOUT_RETURN_TYPE = YES_ERROR;
				GCC_WARN_UNDECLARED_SELECTOR = YES;
				GCC_WARN_UNINITIALIZED_AUTOS = YES_AGGRESSIVE;
				GCC_WARN_UNUSED_FUNCTION = YES;
				GCC_WARN_UNUSED_VARIABLE = YES;
				IPHONEOS_DEPLOYMENT_TARGET = 9.0;
				MTL_ENABLE_DEBUG_INFO = YES;
				ONLY_ACTIVE_ARCH = YES;
				SDKROOT = iphoneos;
				TARGETED_DEVICE_FAMILY = "1,2";
			};
			name = Debug;
		};
		172F723A1DC0E8460012A333 /* Release */ = {
			isa = XCBuildConfiguration;
			buildSettings = {
				ALWAYS_SEARCH_USER_PATHS = NO;
				CLANG_ANALYZER_NONNULL = YES;
				CLANG_CXX_LANGUAGE_STANDARD = "gnu++0x";
				CLANG_CXX_LIBRARY = "libc++";
				CLANG_ENABLE_MODULES = YES;
				CLANG_ENABLE_OBJC_ARC = YES;
				CLANG_WARN_BOOL_CONVERSION = YES;
				CLANG_WARN_CONSTANT_CONVERSION = YES;
				CLANG_WARN_DIRECT_OBJC_ISA_USAGE = YES_ERROR;
				CLANG_WARN_DOCUMENTATION_COMMENTS = YES;
				CLANG_WARN_EMPTY_BODY = YES;
				CLANG_WARN_ENUM_CONVERSION = YES;
				CLANG_WARN_INFINITE_RECURSION = YES;
				CLANG_WARN_INT_CONVERSION = YES;
				CLANG_WARN_OBJC_ROOT_CLASS = YES_ERROR;
				CLANG_WARN_SUSPICIOUS_MOVE = YES;
				CLANG_WARN_SUSPICIOUS_MOVES = YES;
				CLANG_WARN_UNREACHABLE_CODE = YES;
				CLANG_WARN__DUPLICATE_METHOD_MATCH = YES;
				"CODE_SIGN_IDENTITY[sdk=iphoneos*]" = "iPhone Developer";
				COPY_PHASE_STRIP = NO;
				DEBUG_INFORMATION_FORMAT = "dwarf-with-dsym";
				ENABLE_NS_ASSERTIONS = NO;
				ENABLE_STRICT_OBJC_MSGSEND = YES;
				GCC_C_LANGUAGE_STANDARD = gnu99;
				GCC_NO_COMMON_BLOCKS = YES;
				GCC_WARN_64_TO_32_BIT_CONVERSION = YES;
				GCC_WARN_ABOUT_RETURN_TYPE = YES_ERROR;
				GCC_WARN_UNDECLARED_SELECTOR = YES;
				GCC_WARN_UNINITIALIZED_AUTOS = YES_AGGRESSIVE;
				GCC_WARN_UNUSED_FUNCTION = YES;
				GCC_WARN_UNUSED_VARIABLE = YES;
				IPHONEOS_DEPLOYMENT_TARGET = 9.0;
				MTL_ENABLE_DEBUG_INFO = NO;
				SDKROOT = iphoneos;
				TARGETED_DEVICE_FAMILY = "1,2";
				VALIDATE_PRODUCT = YES;
			};
			name = Release;
		};
		172F723C1DC0E8460012A333 /* Debug */ = {
			isa = XCBuildConfiguration;
			baseConfigurationReference = F4B6F352CFDDFC5FF806A2F0 /* Pods-Braintri_KonradZdunczyk.debug.xcconfig */;
			buildSettings = {
				ASSETCATALOG_COMPILER_APPICON_NAME = AppIcon;
				DEVELOPMENT_TEAM = WM5VQQ9GA7;
				INFOPLIST_FILE = Braintri_KonradZdunczyk/Info.plist;
				IPHONEOS_DEPLOYMENT_TARGET = 9.0;
				LD_RUNPATH_SEARCH_PATHS = "$(inherited) @executable_path/Frameworks";
				PRODUCT_BUNDLE_IDENTIFIER = "KZ.Braintri-KonradZdunczyk";
				PRODUCT_NAME = "$(TARGET_NAME)";
				TARGETED_DEVICE_FAMILY = "1,2";
			};
			name = Debug;
		};
		172F723D1DC0E8460012A333 /* Release */ = {
			isa = XCBuildConfiguration;
			baseConfigurationReference = 0D29ED9E5344D983EC736ADA /* Pods-Braintri_KonradZdunczyk.release.xcconfig */;
			buildSettings = {
				ASSETCATALOG_COMPILER_APPICON_NAME = AppIcon;
				DEVELOPMENT_TEAM = WM5VQQ9GA7;
				INFOPLIST_FILE = Braintri_KonradZdunczyk/Info.plist;
				IPHONEOS_DEPLOYMENT_TARGET = 9.0;
				LD_RUNPATH_SEARCH_PATHS = "$(inherited) @executable_path/Frameworks";
				PRODUCT_BUNDLE_IDENTIFIER = "KZ.Braintri-KonradZdunczyk";
				PRODUCT_NAME = "$(TARGET_NAME)";
				TARGETED_DEVICE_FAMILY = "1,2";
			};
			name = Release;
		};
/* End XCBuildConfiguration section */

/* Begin XCConfigurationList section */
		172F721F1DC0E8460012A333 /* Build configuration list for PBXProject "Braintri_KonradZdunczyk" */ = {
			isa = XCConfigurationList;
			buildConfigurations = (
				172F72391DC0E8460012A333 /* Debug */,
				172F723A1DC0E8460012A333 /* Release */,
			);
			defaultConfigurationIsVisible = 0;
			defaultConfigurationName = Release;
		};
		172F723B1DC0E8460012A333 /* Build configuration list for PBXNativeTarget "Braintri_KonradZdunczyk" */ = {
			isa = XCConfigurationList;
			buildConfigurations = (
				172F723C1DC0E8460012A333 /* Debug */,
				172F723D1DC0E8460012A333 /* Release */,
			);
			defaultConfigurationIsVisible = 0;
			defaultConfigurationName = Release;
		};
/* End XCConfigurationList section */
	};
	rootObject = 172F721C1DC0E8460012A333 /* Project object */;
}
